Microsoft Visual Studio Solution File, Format Version 12.00
# Visual Studio 15
VisualStudioVersion = 15.0.27130.2003
MinimumVisualStudioVersion = 10.0.40219.1
Project("{9A19103F-16F7-4668-BE54-9A1E7A4F7556}") = "RippleDotNet", "src\RippleDotNet\RippleDotNet.csproj", "{D7F9066A-E648-4DC7-BB07-0D9A80B1E920}"
EndProject
Project("{9A19103F-16F7-4668-BE54-9A1E7A4F7556}") = "RippleDotNet.Tests", "test\RippleDotNet.Tests\RippleDotNet.Tests.csproj", "{FE4422E2-03F5-4094-8433-D284F2E5A078}"
EndProject
Global
	GlobalSection(SolutionConfigurationPlatforms) = preSolution
		Debug|Any CPU = Debug|Any CPU
		Release|Any CPU = Release|Any CPU
	EndGlobalSection
	GlobalSection(ProjectConfigurationPlatforms) = postSolution
		{D7F9066A-E648-4DC7-BB07-0D9A80B1E920}.Debug|Any CPU.ActiveCfg = Debug|Any CPU
		{D7F9066A-E648-4DC7-BB07-0D9A80B1E920}.Debug|Any CPU.Build.0 = Debug|Any CPU
		{D7F9066A-E648-4DC7-BB07-0D9A80B1E920}.Release|Any CPU.ActiveCfg = Release|Any CPU
		{D7F9066A-E648-4DC7-BB07-0D9A80B1E920}.Release|Any CPU.Build.0 = Release|Any CPU
		{FE4422E2-03F5-4094-8433-D284F2E5A078}.Debug|Any CPU.ActiveCfg = Debug|Any CPU
		{FE4422E2-03F5-4094-8433-D284F2E5A078}.Debug|Any CPU.Build.0 = Debug|Any CPU
		{FE4422E2-03F5-4094-8433-D284F2E5A078}.Release|Any CPU.ActiveCfg = Release|Any CPU
		{FE4422E2-03F5-4094-8433-D284F2E5A078}.Release|Any CPU.Build.0 = Release|Any CPU
	EndGlobalSection
	GlobalSection(SolutionProperties) = preSolution
		HideSolutionNode = FALSE
	EndGlobalSection
	GlobalSection(ExtensibilityGlobals) = postSolution
		SolutionGuid = {FD536458-265D-4FEB-A0B4-295D4FB4BF52}
	EndGlobalSection
EndGlobal
