
Microsoft Visual Studio Solution File, Format Version 12.00
# Visual Studio 15
VisualStudioVersion = 15.0.27004.2006
MinimumVisualStudioVersion = 10.0.40219.1
Project("{9A19103F-16F7-4668-BE54-9A1E7A4F7556}") = "Ripple.Net", "src\Ripple.Net\Ripple.Net.csproj", "{D7F9066A-E648-4DC7-BB07-0D9A80B1E920}"
EndProject
Project("{FAE04EC0-301F-11D3-BF4B-00C04F79EFBC}") = "Ripple.Net.Tests", "test\Ripple.Net.Tests\Ripple.Net.Tests.csproj", "{F70158A3-01E3-463E-BAB8-4A27CE18058A}"
EndProject
Global
	GlobalSection(SolutionConfigurationPlatforms) = preSolution
		Debug|Any CPU = Debug|Any CPU
		Release|Any CPU = Release|Any CPU
	EndGlobalSection
	GlobalSection(ProjectConfigurationPlatforms) = postSolution
		{D7F9066A-E648-4DC7-BB07-0D9A80B1E920}.Debug|Any CPU.ActiveCfg = Debug|Any CPU
		{D7F9066A-E648-4DC7-BB07-0D9A80B1E920}.Debug|Any CPU.Build.0 = Debug|Any CPU
		{D7F9066A-E648-4DC7-BB07-0D9A80B1E920}.Release|Any CPU.ActiveCfg = Release|Any CPU
		{D7F9066A-E648-4DC7-BB07-0D9A80B1E920}.Release|Any CPU.Build.0 = Release|Any CPU
		{F70158A3-01E3-463E-BAB8-4A27CE18058A}.Debug|Any CPU.ActiveCfg = Debug|Any CPU
		{F70158A3-01E3-463E-BAB8-4A27CE18058A}.Debug|Any CPU.Build.0 = Debug|Any CPU
		{F70158A3-01E3-463E-BAB8-4A27CE18058A}.Release|Any CPU.ActiveCfg = Release|Any CPU
		{F70158A3-01E3-463E-BAB8-4A27CE18058A}.Release|Any CPU.Build.0 = Release|Any CPU
	EndGlobalSection
	GlobalSection(SolutionProperties) = preSolution
		HideSolutionNode = FALSE
	EndGlobalSection
	GlobalSection(ExtensibilityGlobals) = postSolution
		SolutionGuid = {FD536458-265D-4FEB-A0B4-295D4FB4BF52}
	EndGlobalSection
EndGlobal
